
Microsoft Visual Studio Solution File, Format Version 12.00
# Visual Studio 15
VisualStudioVersion = 15.0.27703.2026
MinimumVisualStudioVersion = 10.0.40219.1
Project("{FAE04EC0-301F-11D3-BF4B-00C04F79EFBC}") = "UseSQLiteApp", "UseSQLiteApp\UseSQLiteApp.csproj", "{3B235C07-9854-4D3E-917B-4D740874B067}"
EndProject
Project("{FAE04EC0-301F-11D3-BF4B-00C04F79EFBC}") = "UseFileApp", "UseFileApp\UseFileApp.csproj", "{00CA9AD9-43A0-4A73-B827-CB10019DE829}"
EndProject
Global
	GlobalSection(SolutionConfigurationPlatforms) = preSolution
		Debug|Any CPU = Debug|Any CPU
		Release|Any CPU = Release|Any CPU
	EndGlobalSection
	GlobalSection(ProjectConfigurationPlatforms) = postSolution
		{3B235C07-9854-4D3E-917B-4D740874B067}.Debug|Any CPU.ActiveCfg = Debug|Any CPU
		{3B235C07-9854-4D3E-917B-4D740874B067}.Debug|Any CPU.Build.0 = Debug|Any CPU
		{3B235C07-9854-4D3E-917B-4D740874B067}.Release|Any CPU.ActiveCfg = Release|Any CPU
		{3B235C07-9854-4D3E-917B-4D740874B067}.Release|Any CPU.Build.0 = Release|Any CPU
		{00CA9AD9-43A0-4A73-B827-CB10019DE829}.Debug|Any CPU.ActiveCfg = Debug|Any CPU
		{00CA9AD9-43A0-4A73-B827-CB10019DE829}.Debug|Any CPU.Build.0 = Debug|Any CPU
		{00CA9AD9-43A0-4A73-B827-CB10019DE829}.Release|Any CPU.ActiveCfg = Release|Any CPU
		{00CA9AD9-43A0-4A73-B827-CB10019DE829}.Release|Any CPU.Build.0 = Release|Any CPU
	EndGlobalSection
	GlobalSection(SolutionProperties) = preSolution
		HideSolutionNode = FALSE
	EndGlobalSection
	GlobalSection(ExtensibilityGlobals) = postSolution
		SolutionGuid = {67F6C3CD-90A9-4A78-A840-4AE4E683BC0A}
	EndGlobalSection
EndGlobal
